
Microsoft Visual Studio Solution File, Format Version 12.00
# Visual Studio 15
VisualStudioVersion = 15.0.27130.2010
MinimumVisualStudioVersion = 10.0.40219.1
Project("{8BC9CEB8-8B4A-11D0-8D11-00A0C91BC942}") = "Project6", "Project6\Project6.vcxproj", "{576DDB98-C3D8-4DF0-A0DC-110F77C5D849}"
EndProject
Global
	GlobalSection(SolutionConfigurationPlatforms) = preSolution
		Debug|x64 = Debug|x64
		Debug|x86 = Debug|x86
		Release|x64 = Release|x64
		Release|x86 = Release|x86
	EndGlobalSection
	GlobalSection(ProjectConfigurationPlatforms) = postSolution
		{576DDB98-C3D8-4DF0-A0DC-110F77C5D849}.Debug|x64.ActiveCfg = Debug|x64
		{576DDB98-C3D8-4DF0-A0DC-110F77C5D849}.Debug|x64.Build.0 = Debug|x64
		{576DDB98-C3D8-4DF0-A0DC-110F77C5D849}.Debug|x86.ActiveCfg = Debug|Win32
		{576DDB98-C3D8-4DF0-A0DC-110F77C5D849}.Debug|x86.Build.0 = Debug|Win32
		{576DDB98-C3D8-4DF0-A0DC-110F77C5D849}.Release|x64.ActiveCfg = Release|x64
		{576DDB98-C3D8-4DF0-A0DC-110F77C5D849}.Release|x64.Build.0 = Release|x64
		{576DDB98-C3D8-4DF0-A0DC-110F77C5D849}.Release|x86.ActiveCfg = Release|Win32
		{576DDB98-C3D8-4DF0-A0DC-110F77C5D849}.Release|x86.Build.0 = Release|Win32
	EndGlobalSection
	GlobalSection(SolutionProperties) = preSolution
		HideSolutionNode = FALSE
	EndGlobalSection
	GlobalSection(ExtensibilityGlobals) = postSolution
		SolutionGuid = {B9D64985-C7CE-4069-B524-EF607230182B}
	EndGlobalSection
EndGlobal
